
Microsoft Visual Studio Solution File, Format Version 12.00
# Visual Studio Version 16
VisualStudioVersion = 16.0.31424.327
MinimumVisualStudioVersion = 10.0.40219.1
Project("{FAE04EC0-301F-11D3-BF4B-00C04F79EFBC}") = "ProjectX_SQL", "ProjectX_SQL\ProjectX_SQL.csproj", "{CC44003D-708D-4E37-8651-CD6D02D558B2}"
EndProject
Project("{FAE04EC0-301F-11D3-BF4B-00C04F79EFBC}") = "ProjectX_DAL", "ProjectX_DAL\ProjectX_DAL.csproj", "{71B6307B-75F4-4281-8C72-9168AE052704}"
EndProject
Global
	GlobalSection(SolutionConfigurationPlatforms) = preSolution
		Debug|Any CPU = Debug|Any CPU
		Release|Any CPU = Release|Any CPU
	EndGlobalSection
	GlobalSection(ProjectConfigurationPlatforms) = postSolution
		{CC44003D-708D-4E37-8651-CD6D02D558B2}.Debug|Any CPU.ActiveCfg = Debug|Any CPU
		{CC44003D-708D-4E37-8651-CD6D02D558B2}.Debug|Any CPU.Build.0 = Debug|Any CPU
		{CC44003D-708D-4E37-8651-CD6D02D558B2}.Release|Any CPU.ActiveCfg = Release|Any CPU
		{CC44003D-708D-4E37-8651-CD6D02D558B2}.Release|Any CPU.Build.0 = Release|Any CPU
		{71B6307B-75F4-4281-8C72-9168AE052704}.Debug|Any CPU.ActiveCfg = Debug|Any CPU
		{71B6307B-75F4-4281-8C72-9168AE052704}.Debug|Any CPU.Build.0 = Debug|Any CPU
		{71B6307B-75F4-4281-8C72-9168AE052704}.Release|Any CPU.ActiveCfg = Release|Any CPU
		{71B6307B-75F4-4281-8C72-9168AE052704}.Release|Any CPU.Build.0 = Release|Any CPU
	EndGlobalSection
	GlobalSection(SolutionProperties) = preSolution
		HideSolutionNode = FALSE
	EndGlobalSection
	GlobalSection(ExtensibilityGlobals) = postSolution
		SolutionGuid = {D75BC64D-1852-467A-8759-B42ADBE3CBA5}
	EndGlobalSection
EndGlobal
